<?xml version="1.0" encoding="utf-8"?>
<Project ToolsVersion="4.0" xmlns="http://schemas.microsoft.com/developer/msbuild/2003">
  <ItemGroup>
    <Filter Include="Source Files">
      <UniqueIdentifier>{4FC737F1-C7A5-4376-A066-2A32D752A2FF}</UniqueIdentifier>
      <Extensions>cpp;c;cc;cxx;def;odl;idl;hpj;bat;asm;asmx</Extensions>
    </Filter>
    <Filter Include="Header Files">
      <UniqueIdentifier>{93995380-89BD-4b04-88EB-625FBE52EBFB}</UniqueIdentifier>
      <Extensions>h;hh;hpp;hxx;hm;inl;inc;xsd</Extensions>
    </Filter>
    <Filter Include="Resource Files">
      <UniqueIdentifier>{67DA6AB6-F800-4c08-8B7A-83BB121AAD01}</UniqueIdentifier>
      <Extensions>rc;ico;cur;bmp;dlg;rc2;rct;bin;rgs;gif;jpg;jpeg;jpe;resx;tiff;tif;png;wav;mfcribbon-ms</Extensions>
    </Filter>
    <Filter Include="Header Files\FuzzySetTypes">
      <UniqueIdentifier>{a3fe022d-1673-4065-81bd-4b5c4dd9169a}</UniqueIdentifier>
    </Filter>
    <Filter Include="Source Files\FuzzySetTypes">
      <UniqueIdentifier>{dcc2435d-3a6e-41e6-a14a-2c224cf903f8}</UniqueIdentifier>
    </Filter>
  </ItemGroup>
  <ItemGroup>
    <ClCompile Include="ComplexGameSystem_FuzzyLogicApp.cpp">
      <Filter>Source Files</Filter>
    </ClCompile>
    <ClCompile Include="main.cpp">
      <Filter>Source Files</Filter>
    </ClCompile>
    <ClCompile Include="FuzzyModule.cpp">
      <Filter>Source Files</Filter>
    </ClCompile>
    <ClCompile Include="FuzVariable.cpp">
      <Filter>Source Files</Filter>
    </ClCompile>
    <ClCompile Include="FuzSet_Triangle.cpp">
      <Filter>Source Files\FuzzySetTypes</Filter>
    </ClCompile>
    <ClCompile Include="FuzSet_RightShoulder.cpp">
      <Filter>Source Files\FuzzySetTypes</Filter>
    </ClCompile>
    <ClCompile Include="FuzSet_LeftShoulder.cpp">
      <Filter>Source Files\FuzzySetTypes</Filter>
    </ClCompile>
  </ItemGroup>
  <ItemGroup>
    <ClInclude Include="ComplexGameSystem_FuzzyLogicApp.h">
      <Filter>Header Files</Filter>
    </ClInclude>
    <ClInclude Include="FuzzyModule.h">
      <Filter>Header Files</Filter>
    </ClInclude>
    <ClInclude Include="FuzRule.h">
      <Filter>Header Files</Filter>
    </ClInclude>
    <ClInclude Include="FuzTerm.h">
      <Filter>Header Files</Filter>
    </ClInclude>
    <ClInclude Include="FuzVariable.h">
      <Filter>Header Files</Filter>
    </ClInclude>
    <ClInclude Include="FuzSet_Triangle.h">
      <Filter>Header Files\FuzzySetTypes</Filter>
    </ClInclude>
    <ClInclude Include="FuzSet_RightShoulder.h">
      <Filter>Header Files\FuzzySetTypes</Filter>
    </ClInclude>
    <ClInclude Include="FuzSet_LeftShoulder.h">
      <Filter>Header Files\FuzzySetTypes</Filter>
    </ClInclude>
    <ClInclude Include="FuzSet_Base.h">
      <Filter>Header Files\FuzzySetTypes</Filter>
    </ClInclude>
  </ItemGroup>
</Project>